
Microsoft Visual Studio Solution File, Format Version 12.00
# Visual Studio Version 16
VisualStudioVersion = 16.0.31729.503
MinimumVisualStudioVersion = 10.0.40219.1
Project("{FAE04EC0-301F-11D3-BF4B-00C04F79EFBC}") = "MCD_KalıtımNedir", "MCD_KalıtımNedir\MCD_KalıtımNedir.csproj", "{6A2E48C1-F010-4DC9-BFC2-4745AE0735D5}"
EndProject
Global
	GlobalSection(SolutionConfigurationPlatforms) = preSolution
		Debug|Any CPU = Debug|Any CPU
		Release|Any CPU = Release|Any CPU
	EndGlobalSection
	GlobalSection(ProjectConfigurationPlatforms) = postSolution
		{6A2E48C1-F010-4DC9-BFC2-4745AE0735D5}.Debug|Any CPU.ActiveCfg = Debug|Any CPU
		{6A2E48C1-F010-4DC9-BFC2-4745AE0735D5}.Debug|Any CPU.Build.0 = Debug|Any CPU
		{6A2E48C1-F010-4DC9-BFC2-4745AE0735D5}.Release|Any CPU.ActiveCfg = Release|Any CPU
		{6A2E48C1-F010-4DC9-BFC2-4745AE0735D5}.Release|Any CPU.Build.0 = Release|Any CPU
	EndGlobalSection
	GlobalSection(SolutionProperties) = preSolution
		HideSolutionNode = FALSE
	EndGlobalSection
	GlobalSection(ExtensibilityGlobals) = postSolution
		SolutionGuid = {467DBC0B-E56C-47A6-A783-CC5F7CD8B78D}
	EndGlobalSection
EndGlobal
